
Microsoft Visual Studio Solution File, Format Version 12.00
# Visual Studio Version 16
VisualStudioVersion = 16.0.30503.244
MinimumVisualStudioVersion = 10.0.40219.1
Project("{FAE04EC0-301F-11D3-BF4B-00C04F79EFBC}") = "VoiceRecorder", "VoiceRecorder\VoiceRecorder.csproj", "{337E3988-EA01-4EB5-934A-05F34D49E03C}"
EndProject
Project("{FAE04EC0-301F-11D3-BF4B-00C04F79EFBC}") = "DurationHelper", "DurationHelper\DurationHelper.csproj", "{9354DD41-12CB-47D2-AE6A-E77320DFD25D}"
EndProject
Global
	GlobalSection(SolutionConfigurationPlatforms) = preSolution
		Debug|Any CPU = Debug|Any CPU
		Release|Any CPU = Release|Any CPU
	EndGlobalSection
	GlobalSection(ProjectConfigurationPlatforms) = postSolution
		{337E3988-EA01-4EB5-934A-05F34D49E03C}.Debug|Any CPU.ActiveCfg = Debug|Any CPU
		{337E3988-EA01-4EB5-934A-05F34D49E03C}.Debug|Any CPU.Build.0 = Debug|Any CPU
		{337E3988-EA01-4EB5-934A-05F34D49E03C}.Release|Any CPU.ActiveCfg = Release|Any CPU
		{337E3988-EA01-4EB5-934A-05F34D49E03C}.Release|Any CPU.Build.0 = Release|Any CPU
		{9354DD41-12CB-47D2-AE6A-E77320DFD25D}.Debug|Any CPU.ActiveCfg = Debug|Any CPU
		{9354DD41-12CB-47D2-AE6A-E77320DFD25D}.Debug|Any CPU.Build.0 = Debug|Any CPU
		{9354DD41-12CB-47D2-AE6A-E77320DFD25D}.Release|Any CPU.ActiveCfg = Release|Any CPU
		{9354DD41-12CB-47D2-AE6A-E77320DFD25D}.Release|Any CPU.Build.0 = Release|Any CPU
	EndGlobalSection
	GlobalSection(SolutionProperties) = preSolution
		HideSolutionNode = FALSE
	EndGlobalSection
	GlobalSection(ExtensibilityGlobals) = postSolution
		SolutionGuid = {038116D3-214F-453C-94EE-16B07E6ED34C}
	EndGlobalSection
EndGlobal
